Microsoft Visual Studio Solution File, Format Version 12.00
# Visual Studio Version 17
VisualStudioVersion = 17.0.0.0
MinimumVisualStudioVersion = 10.0.40219.1
Project("{FAE04EC0-301F-11D3-BF4B-00C04F79EFBC}") = "SepeCam.Core", "src\SepeCam.Core\SepeCam.Core.csproj", "{1F0F8B7E-3C7A-4F1D-93B0-7B5C9D8EAA01}"
EndProject
Project("{FAE04EC0-301F-11D3-BF4B-00C04F79EFBC}") = "SepeCam.App", "src\SepeCam.App\SepeCam.App.csproj", "{2C8E2A1D-4D2C-44C5-9F8A-2A1B6B9C2D02}"
EndProject
Project("{FAE04EC0-301F-11D3-BF4B-00C04F79EFBC}") = "SepeCam.Core.Tests", "tests\SepeCam.Core.Tests\SepeCam.Core.Tests.csproj", "{3D9F4B2E-5E3D-46D2-A07B-3B2C7DAA1E03}"
EndProject
Global
	GlobalSection(SolutionConfigurationPlatforms) = preSolution
		Debug|Any CPU = Debug|Any CPU
		Release|Any CPU = Release|Any CPU
	EndGlobalSection
	GlobalSection(ProjectConfigurationPlatforms) = postSolution
		{1F0F8B7E-3C7A-4F1D-93B0-7B5C9D8EAA01}.Debug|Any CPU.ActiveCfg = Debug|Any CPU
		{1F0F8B7E-3C7A-4F1D-93B0-7B5C9D8EAA01}.Debug|Any CPU.Build.0 = Debug|Any CPU
		{1F0F8B7E-3C7A-4F1D-93B0-7B5C9D8EAA01}.Release|Any CPU.ActiveCfg = Release|Any CPU
		{1F0F8B7E-3C7A-4F1D-93B0-7B5C9D8EAA01}.Release|Any CPU.Build.0 = Release|Any CPU
		{2C8E2A1D-4D2C-44C5-9F8A-2A1B6B9C2D02}.Debug|Any CPU.ActiveCfg = Debug|Any CPU
		{2C8E2A1D-4D2C-44C5-9F8A-2A1B6B9C2D02}.Debug|Any CPU.Build.0 = Debug|Any CPU
		{2C8E2A1D-4D2C-44C5-9F8A-2A1B6B9C2D02}.Release|Any CPU.ActiveCfg = Release|Any CPU
		{2C8E2A1D-4D2C-44C5-9F8A-2A1B6B9C2D02}.Release|Any CPU.Build.0 = Release|Any CPU
		{3D9F4B2E-5E3D-46D2-A07B-3B2C7DAA1E03}.Debug|Any CPU.ActiveCfg = Debug|Any CPU
		{3D9F4B2E-5E3D-46D2-A07B-3B2C7DAA1E03}.Debug|Any CPU.Build.0 = Debug|Any CPU
		{3D9F4B2E-5E3D-46D2-A07B-3B2C7DAA1E03}.Release|Any CPU.ActiveCfg = Release|Any CPU
		{3D9F4B2E-5E3D-46D2-A07B-3B2C7DAA1E03}.Release|Any CPU.Build.0 = Release|Any CPU
	EndGlobalSection
	GlobalSection(SolutionProperties) = preSolution
		HideSolutionNode = FALSE
	EndGlobalSection
EndGlobal
